
Microsoft Visual Studio Solution File, Format Version 12.00
# Visual Studio Version 16
VisualStudioVersion = 16.0.30104.148
MinimumVisualStudioVersion = 10.0.40219.1
Project("{FAE04EC0-301F-11D3-BF4B-00C04F79EFBC}") = "ToDoAPP", "ToDoAPP.csproj", "{B2CB80B0-6090-4CBB-B33A-3A9FCC2317DA}"
EndProject
Global
	GlobalSection(SolutionConfigurationPlatforms) = preSolution
		Debug|Any CPU = Debug|Any CPU
		Release|Any CPU = Release|Any CPU
	EndGlobalSection
	GlobalSection(ProjectConfigurationPlatforms) = postSolution
		{B2CB80B0-6090-4CBB-B33A-3A9FCC2317DA}.Debug|Any CPU.ActiveCfg = Debug|Any CPU
		{B2CB80B0-6090-4CBB-B33A-3A9FCC2317DA}.Debug|Any CPU.Build.0 = Debug|Any CPU
		{B2CB80B0-6090-4CBB-B33A-3A9FCC2317DA}.Release|Any CPU.ActiveCfg = Release|Any CPU
		{B2CB80B0-6090-4CBB-B33A-3A9FCC2317DA}.Release|Any CPU.Build.0 = Release|Any CPU
	EndGlobalSection
	GlobalSection(SolutionProperties) = preSolution
		HideSolutionNode = FALSE
	EndGlobalSection
	GlobalSection(ExtensibilityGlobals) = postSolution
		SolutionGuid = {2A4653AE-81DC-44AE-BCEE-06157B400419}
	EndGlobalSection
EndGlobal
